
Microsoft Visual Studio Solution File, Format Version 12.00
# Visual Studio Version 17
VisualStudioVersion = 17.4.33213.308
MinimumVisualStudioVersion = 10.0.40219.1
Project("{FAE04EC0-301F-11D3-BF4B-00C04F79EFBC}") = "Group9_Interpreter", "Group9_Interpreter\Group9_Interpreter.csproj", "{EC6E4CBF-FB5F-498A-9BD4-304EB25A962C}"
EndProject
Global
	GlobalSection(SolutionConfigurationPlatforms) = preSolution
		Debug|Any CPU = Debug|Any CPU
		Release|Any CPU = Release|Any CPU
	EndGlobalSection
	GlobalSection(ProjectConfigurationPlatforms) = postSolution
		{EC6E4CBF-FB5F-498A-9BD4-304EB25A962C}.Debug|Any CPU.ActiveCfg = Debug|Any CPU
		{EC6E4CBF-FB5F-498A-9BD4-304EB25A962C}.Debug|Any CPU.Build.0 = Debug|Any CPU
		{EC6E4CBF-FB5F-498A-9BD4-304EB25A962C}.Release|Any CPU.ActiveCfg = Release|Any CPU
		{EC6E4CBF-FB5F-498A-9BD4-304EB25A962C}.Release|Any CPU.Build.0 = Release|Any CPU
	EndGlobalSection
	GlobalSection(SolutionProperties) = preSolution
		HideSolutionNode = FALSE
	EndGlobalSection
	GlobalSection(ExtensibilityGlobals) = postSolution
		SolutionGuid = {47BE2061-5E65-4BD9-A779-BD5DED2EF8AC}
	EndGlobalSection
EndGlobal
