
Microsoft Visual Studio Solution File, Format Version 12.00
# Visual Studio Version 17
VisualStudioVersion = 17.4.33213.308
MinimumVisualStudioVersion = 10.0.40219.1
Project("{FAE04EC0-301F-11D3-BF4B-00C04F79EFBC}") = "Interpreter", "Interpreter\Interpreter.csproj", "{F661264A-A49E-48DD-9DAF-4D71D0A42B9F}"
EndProject
Global
	GlobalSection(SolutionConfigurationPlatforms) = preSolution
		Debug|Any CPU = Debug|Any CPU
		Release|Any CPU = Release|Any CPU
	EndGlobalSection
	GlobalSection(ProjectConfigurationPlatforms) = postSolution
		{F661264A-A49E-48DD-9DAF-4D71D0A42B9F}.Debug|Any CPU.ActiveCfg = Debug|Any CPU
		{F661264A-A49E-48DD-9DAF-4D71D0A42B9F}.Debug|Any CPU.Build.0 = Debug|Any CPU
		{F661264A-A49E-48DD-9DAF-4D71D0A42B9F}.Release|Any CPU.ActiveCfg = Release|Any CPU
		{F661264A-A49E-48DD-9DAF-4D71D0A42B9F}.Release|Any CPU.Build.0 = Release|Any CPU
	EndGlobalSection
	GlobalSection(SolutionProperties) = preSolution
		HideSolutionNode = FALSE
	EndGlobalSection
	GlobalSection(ExtensibilityGlobals) = postSolution
		SolutionGuid = {1D98E4B8-3FE6-4D13-8AA7-7DB398087295}
	EndGlobalSection
EndGlobal
